
Microsoft Visual Studio Solution File, Format Version 12.00
# Visual Studio Version 17
VisualStudioVersion = 17.1.32210.238
MinimumVisualStudioVersion = 10.0.40219.1
Project("{9A19103F-16F7-4668-BE54-9A1E7A4F7556}") = "Practice", "Practice\Practice.csproj", "{24CBB139-9F8C-46DF-A65B-96C82B7B0DB6}"
EndProject
Project("{9A19103F-16F7-4668-BE54-9A1E7A4F7556}") = "PracticeTests", "PracticeTests\PracticeTests.csproj", "{615FB911-79A5-48D5-82DA-5596D5178AB5}"
EndProject
Global
	GlobalSection(SolutionConfigurationPlatforms) = preSolution
		Debug|Any CPU = Debug|Any CPU
		Release|Any CPU = Release|Any CPU
	EndGlobalSection
	GlobalSection(ProjectConfigurationPlatforms) = postSolution
		{24CBB139-9F8C-46DF-A65B-96C82B7B0DB6}.Debug|Any CPU.ActiveCfg = Debug|Any CPU
		{24CBB139-9F8C-46DF-A65B-96C82B7B0DB6}.Debug|Any CPU.Build.0 = Debug|Any CPU
		{24CBB139-9F8C-46DF-A65B-96C82B7B0DB6}.Release|Any CPU.ActiveCfg = Release|Any CPU
		{24CBB139-9F8C-46DF-A65B-96C82B7B0DB6}.Release|Any CPU.Build.0 = Release|Any CPU
		{615FB911-79A5-48D5-82DA-5596D5178AB5}.Debug|Any CPU.ActiveCfg = Debug|Any CPU
		{615FB911-79A5-48D5-82DA-5596D5178AB5}.Debug|Any CPU.Build.0 = Debug|Any CPU
		{615FB911-79A5-48D5-82DA-5596D5178AB5}.Release|Any CPU.ActiveCfg = Release|Any CPU
		{615FB911-79A5-48D5-82DA-5596D5178AB5}.Release|Any CPU.Build.0 = Release|Any CPU
	EndGlobalSection
	GlobalSection(SolutionProperties) = preSolution
		HideSolutionNode = FALSE
	EndGlobalSection
	GlobalSection(ExtensibilityGlobals) = postSolution
		SolutionGuid = {75E4889F-FF7E-4C7C-8037-0396ED47D4A4}
	EndGlobalSection
EndGlobal
